
Microsoft Visual Studio Solution File, Format Version 11.00
# Visual Studio 2010
Project("{FAE04EC0-301F-11D3-BF4B-00C04F79EFBC}") = "WcfDuplexMEP", "WcfDuplexMEP\WcfDuplexMEP.csproj", "{16CC173D-28D6-4C45-A356-CC35A989E8ED}"
EndProject
Project("{FAE04EC0-301F-11D3-BF4B-00C04F79EFBC}") = "Client", "Client\Client.csproj", "{611A2EC5-3ECC-4403-98B1-D77747AE1D21}"
EndProject
Project("{FAE04EC0-301F-11D3-BF4B-00C04F79EFBC}") = "ServiceHost", "ServiceHost\ServiceHost.csproj", "{418295F4-EEE4-4E68-B9BA-6FFD706BE07C}"
EndProject
Global
	GlobalSection(SolutionConfigurationPlatforms) = preSolution
		Debug|Any CPU = Debug|Any CPU
		Debug|Mixed Platforms = Debug|Mixed Platforms
		Debug|x86 = Debug|x86
		Release|Any CPU = Release|Any CPU
		Release|Mixed Platforms = Release|Mixed Platforms
		Release|x86 = Release|x86
	EndGlobalSection
	GlobalSection(ProjectConfigurationPlatforms) = postSolution
		{16CC173D-28D6-4C45-A356-CC35A989E8ED}.Debug|Any CPU.ActiveCfg = Debug|Any CPU
		{16CC173D-28D6-4C45-A356-CC35A989E8ED}.Debug|Any CPU.Build.0 = Debug|Any CPU
		{16CC173D-28D6-4C45-A356-CC35A989E8ED}.Debug|Mixed Platforms.ActiveCfg = Debug|Any CPU
		{16CC173D-28D6-4C45-A356-CC35A989E8ED}.Debug|Mixed Platforms.Build.0 = Debug|Any CPU
		{16CC173D-28D6-4C45-A356-CC35A989E8ED}.Debug|x86.ActiveCfg = Debug|Any CPU
		{16CC173D-28D6-4C45-A356-CC35A989E8ED}.Release|Any CPU.ActiveCfg = Release|Any CPU
		{16CC173D-28D6-4C45-A356-CC35A989E8ED}.Release|Any CPU.Build.0 = Release|Any CPU
		{16CC173D-28D6-4C45-A356-CC35A989E8ED}.Release|Mixed Platforms.ActiveCfg = Release|Any CPU
		{16CC173D-28D6-4C45-A356-CC35A989E8ED}.Release|Mixed Platforms.Build.0 = Release|Any CPU
		{16CC173D-28D6-4C45-A356-CC35A989E8ED}.Release|x86.ActiveCfg = Release|Any CPU
		{611A2EC5-3ECC-4403-98B1-D77747AE1D21}.Debug|Any CPU.ActiveCfg = Debug|x86
		{611A2EC5-3ECC-4403-98B1-D77747AE1D21}.Debug|Mixed Platforms.ActiveCfg = Debug|x86
		{611A2EC5-3ECC-4403-98B1-D77747AE1D21}.Debug|Mixed Platforms.Build.0 = Debug|x86
		{611A2EC5-3ECC-4403-98B1-D77747AE1D21}.Debug|x86.ActiveCfg = Debug|x86
		{611A2EC5-3ECC-4403-98B1-D77747AE1D21}.Debug|x86.Build.0 = Debug|x86
		{611A2EC5-3ECC-4403-98B1-D77747AE1D21}.Release|Any CPU.ActiveCfg = Release|x86
		{611A2EC5-3ECC-4403-98B1-D77747AE1D21}.Release|Mixed Platforms.ActiveCfg = Release|x86
		{611A2EC5-3ECC-4403-98B1-D77747AE1D21}.Release|Mixed Platforms.Build.0 = Release|x86
		{611A2EC5-3ECC-4403-98B1-D77747AE1D21}.Release|x86.ActiveCfg = Release|x86
		{611A2EC5-3ECC-4403-98B1-D77747AE1D21}.Release|x86.Build.0 = Release|x86
		{418295F4-EEE4-4E68-B9BA-6FFD706BE07C}.Debug|Any CPU.ActiveCfg = Debug|x86
		{418295F4-EEE4-4E68-B9BA-6FFD706BE07C}.Debug|Mixed Platforms.ActiveCfg = Debug|x86
		{418295F4-EEE4-4E68-B9BA-6FFD706BE07C}.Debug|Mixed Platforms.Build.0 = Debug|x86
		{418295F4-EEE4-4E68-B9BA-6FFD706BE07C}.Debug|x86.ActiveCfg = Debug|x86
		{418295F4-EEE4-4E68-B9BA-6FFD706BE07C}.Debug|x86.Build.0 = Debug|x86
		{418295F4-EEE4-4E68-B9BA-6FFD706BE07C}.Release|Any CPU.ActiveCfg = Release|x86
		{418295F4-EEE4-4E68-B9BA-6FFD706BE07C}.Release|Mixed Platforms.ActiveCfg = Release|x86
		{418295F4-EEE4-4E68-B9BA-6FFD706BE07C}.Release|Mixed Platforms.Build.0 = Release|x86
		{418295F4-EEE4-4E68-B9BA-6FFD706BE07C}.Release|x86.ActiveCfg = Release|x86
		{418295F4-EEE4-4E68-B9BA-6FFD706BE07C}.Release|x86.Build.0 = Release|x86
	EndGlobalSection
	GlobalSection(SolutionProperties) = preSolution
		HideSolutionNode = FALSE
	EndGlobalSection
EndGlobal
