
Microsoft Visual Studio Solution File, Format Version 12.00
# Visual Studio Version 16
VisualStudioVersion = 16.0.29519.87
MinimumVisualStudioVersion = 10.0.40219.1
Project("{FAE04EC0-301F-11D3-BF4B-00C04F79EFBC}") = "TimcoRetailManagerWebAPI", "TimcoRetailManagerWebAPI\TimcoRetailManagerWebAPI.csproj", "{1A7CDAA4-0B62-4D81-BAC9-9F2B364BEECC}"
EndProject
Project("{00D1A9C2-B5F0-4AF3-8072-F6C62B433612}") = "TRMData", "TRMData\TRMData.sqlproj", "{137EA3BB-4304-4AC0-BCA7-9838BD556ABA}"
EndProject
Global
	GlobalSection(SolutionConfigurationPlatforms) = preSolution
		Debug|Any CPU = Debug|Any CPU
		Release|Any CPU = Release|Any CPU
	EndGlobalSection
	GlobalSection(ProjectConfigurationPlatforms) = postSolution
		{1A7CDAA4-0B62-4D81-BAC9-9F2B364BEECC}.Debug|Any CPU.ActiveCfg = Debug|Any CPU
		{1A7CDAA4-0B62-4D81-BAC9-9F2B364BEECC}.Debug|Any CPU.Build.0 = Debug|Any CPU
		{1A7CDAA4-0B62-4D81-BAC9-9F2B364BEECC}.Release|Any CPU.ActiveCfg = Release|Any CPU
		{1A7CDAA4-0B62-4D81-BAC9-9F2B364BEECC}.Release|Any CPU.Build.0 = Release|Any CPU
		{137EA3BB-4304-4AC0-BCA7-9838BD556ABA}.Debug|Any CPU.ActiveCfg = Debug|Any CPU
		{137EA3BB-4304-4AC0-BCA7-9838BD556ABA}.Debug|Any CPU.Build.0 = Debug|Any CPU
		{137EA3BB-4304-4AC0-BCA7-9838BD556ABA}.Debug|Any CPU.Deploy.0 = Debug|Any CPU
		{137EA3BB-4304-4AC0-BCA7-9838BD556ABA}.Release|Any CPU.ActiveCfg = Release|Any CPU
		{137EA3BB-4304-4AC0-BCA7-9838BD556ABA}.Release|Any CPU.Build.0 = Release|Any CPU
		{137EA3BB-4304-4AC0-BCA7-9838BD556ABA}.Release|Any CPU.Deploy.0 = Release|Any CPU
	EndGlobalSection
	GlobalSection(SolutionProperties) = preSolution
		HideSolutionNode = FALSE
	EndGlobalSection
	GlobalSection(ExtensibilityGlobals) = postSolution
		SolutionGuid = {7B193B76-80A5-44EC-A57A-AA92E592FCA5}
	EndGlobalSection
EndGlobal
