
Microsoft Visual Studio Solution File, Format Version 12.00
# Visual Studio Version 17
VisualStudioVersion = 17.5.33627.172
MinimumVisualStudioVersion = 10.0.40219.1
Project("{9A19103F-16F7-4668-BE54-9A1E7A4F7556}") = "WebApplication1", "WebApplication1.csproj", "{841B416E-B9E7-439A-BE9A-36CC7DBE1CC1}"
EndProject
Project("{FAE04EC0-301F-11D3-BF4B-00C04F79EFBC}") = "RateLimitterTEst", "..\RateLimitterTEst\RateLimitterTEst.csproj", "{07FA626A-A55F-49F7-BAA2-C6D74C5F504C}"
EndProject
Global
	GlobalSection(SolutionConfigurationPlatforms) = preSolution
		Debug|Any CPU = Debug|Any CPU
		Release|Any CPU = Release|Any CPU
	EndGlobalSection
	GlobalSection(ProjectConfigurationPlatforms) = postSolution
		{841B416E-B9E7-439A-BE9A-36CC7DBE1CC1}.Debug|Any CPU.ActiveCfg = Debug|Any CPU
		{841B416E-B9E7-439A-BE9A-36CC7DBE1CC1}.Debug|Any CPU.Build.0 = Debug|Any CPU
		{841B416E-B9E7-439A-BE9A-36CC7DBE1CC1}.Release|Any CPU.ActiveCfg = Release|Any CPU
		{841B416E-B9E7-439A-BE9A-36CC7DBE1CC1}.Release|Any CPU.Build.0 = Release|Any CPU
		{07FA626A-A55F-49F7-BAA2-C6D74C5F504C}.Debug|Any CPU.ActiveCfg = Debug|Any CPU
		{07FA626A-A55F-49F7-BAA2-C6D74C5F504C}.Debug|Any CPU.Build.0 = Debug|Any CPU
		{07FA626A-A55F-49F7-BAA2-C6D74C5F504C}.Release|Any CPU.ActiveCfg = Release|Any CPU
		{07FA626A-A55F-49F7-BAA2-C6D74C5F504C}.Release|Any CPU.Build.0 = Release|Any CPU
	EndGlobalSection
	GlobalSection(SolutionProperties) = preSolution
		HideSolutionNode = FALSE
	EndGlobalSection
	GlobalSection(ExtensibilityGlobals) = postSolution
		SolutionGuid = {B24CD205-C19D-483E-9AC6-FEF2DA18181A}
	EndGlobalSection
EndGlobal
