
Microsoft Visual Studio Solution File, Format Version 12.00
# Visual Studio Version 17
VisualStudioVersion = 17.5.33627.172
MinimumVisualStudioVersion = 10.0.40219.1
Project("{FAE04EC0-301F-11D3-BF4B-00C04F79EFBC}") = "APIVersioningTest", "APIVersioningTest.csproj", "{D11AF5CC-9A17-4AEF-84D3-63D073C20B58}"
EndProject
Global
	GlobalSection(SolutionConfigurationPlatforms) = preSolution
		Debug|Any CPU = Debug|Any CPU
		Release|Any CPU = Release|Any CPU
	EndGlobalSection
	GlobalSection(ProjectConfigurationPlatforms) = postSolution
		{D11AF5CC-9A17-4AEF-84D3-63D073C20B58}.Debug|Any CPU.ActiveCfg = Debug|Any CPU
		{D11AF5CC-9A17-4AEF-84D3-63D073C20B58}.Debug|Any CPU.Build.0 = Debug|Any CPU
		{D11AF5CC-9A17-4AEF-84D3-63D073C20B58}.Release|Any CPU.ActiveCfg = Release|Any CPU
		{D11AF5CC-9A17-4AEF-84D3-63D073C20B58}.Release|Any CPU.Build.0 = Release|Any CPU
	EndGlobalSection
	GlobalSection(SolutionProperties) = preSolution
		HideSolutionNode = FALSE
	EndGlobalSection
	GlobalSection(ExtensibilityGlobals) = postSolution
		SolutionGuid = {5ACFD85D-8BEE-4E24-A96A-C7C00A95664F}
	EndGlobalSection
EndGlobal
