
Microsoft Visual Studio Solution File, Format Version 12.00
# Visual Studio Version 17
VisualStudioVersion = 17.5.33627.172
MinimumVisualStudioVersion = 10.0.40219.1
Project("{FAE04EC0-301F-11D3-BF4B-00C04F79EFBC}") = "RedisTest", "RedisTest.csproj", "{CF1BC336-E77A-4F11-A070-1529AD9ECE8E}"
EndProject
Global
	GlobalSection(SolutionConfigurationPlatforms) = preSolution
		Debug|Any CPU = Debug|Any CPU
		Release|Any CPU = Release|Any CPU
	EndGlobalSection
	GlobalSection(ProjectConfigurationPlatforms) = postSolution
		{CF1BC336-E77A-4F11-A070-1529AD9ECE8E}.Debug|Any CPU.ActiveCfg = Debug|Any CPU
		{CF1BC336-E77A-4F11-A070-1529AD9ECE8E}.Debug|Any CPU.Build.0 = Debug|Any CPU
		{CF1BC336-E77A-4F11-A070-1529AD9ECE8E}.Release|Any CPU.ActiveCfg = Release|Any CPU
		{CF1BC336-E77A-4F11-A070-1529AD9ECE8E}.Release|Any CPU.Build.0 = Release|Any CPU
	EndGlobalSection
	GlobalSection(SolutionProperties) = preSolution
		HideSolutionNode = FALSE
	EndGlobalSection
	GlobalSection(ExtensibilityGlobals) = postSolution
		SolutionGuid = {508BBF06-BA05-423B-9AC3-51D4F7BEF8E8}
	EndGlobalSection
EndGlobal
