
Microsoft Visual Studio Solution File, Format Version 12.00
# Visual Studio Version 17
VisualStudioVersion = 17.5.33627.172
MinimumVisualStudioVersion = 10.0.40219.1
Project("{FAE04EC0-301F-11D3-BF4B-00C04F79EFBC}") = "RabbitMQ", "RabbitMQ.csproj", "{481F9C42-FAF2-4627-A42C-8DF8CAE219B5}"
EndProject
Global
	GlobalSection(SolutionConfigurationPlatforms) = preSolution
		Debug|Any CPU = Debug|Any CPU
		Release|Any CPU = Release|Any CPU
	EndGlobalSection
	GlobalSection(ProjectConfigurationPlatforms) = postSolution
		{481F9C42-FAF2-4627-A42C-8DF8CAE219B5}.Debug|Any CPU.ActiveCfg = Debug|Any CPU
		{481F9C42-FAF2-4627-A42C-8DF8CAE219B5}.Debug|Any CPU.Build.0 = Debug|Any CPU
		{481F9C42-FAF2-4627-A42C-8DF8CAE219B5}.Release|Any CPU.ActiveCfg = Release|Any CPU
		{481F9C42-FAF2-4627-A42C-8DF8CAE219B5}.Release|Any CPU.Build.0 = Release|Any CPU
	EndGlobalSection
	GlobalSection(SolutionProperties) = preSolution
		HideSolutionNode = FALSE
	EndGlobalSection
	GlobalSection(ExtensibilityGlobals) = postSolution
		SolutionGuid = {3D24E2DD-D3D3-45A9-90A9-5C4C922E3C7C}
	EndGlobalSection
EndGlobal
