
Microsoft Visual Studio Solution File, Format Version 12.00
# Visual Studio Version 16
VisualStudioVersion = 16.0.29613.14
MinimumVisualStudioVersion = 10.0.40219.1
Project("{FAE04EC0-301F-11D3-BF4B-00C04F79EFBC}") = "WebApi2020", "WebApi2020\WebApi2020.csproj", "{AFDC009E-C99D-41E1-89B5-F4D2FDE386CC}"
EndProject
Global
	GlobalSection(SolutionConfigurationPlatforms) = preSolution
		Debug|Any CPU = Debug|Any CPU
		Release|Any CPU = Release|Any CPU
	EndGlobalSection
	GlobalSection(ProjectConfigurationPlatforms) = postSolution
		{AFDC009E-C99D-41E1-89B5-F4D2FDE386CC}.Debug|Any CPU.ActiveCfg = Debug|Any CPU
		{AFDC009E-C99D-41E1-89B5-F4D2FDE386CC}.Debug|Any CPU.Build.0 = Debug|Any CPU
		{AFDC009E-C99D-41E1-89B5-F4D2FDE386CC}.Release|Any CPU.ActiveCfg = Release|Any CPU
		{AFDC009E-C99D-41E1-89B5-F4D2FDE386CC}.Release|Any CPU.Build.0 = Release|Any CPU
	EndGlobalSection
	GlobalSection(SolutionProperties) = preSolution
		HideSolutionNode = FALSE
	EndGlobalSection
	GlobalSection(ExtensibilityGlobals) = postSolution
		SolutionGuid = {652F07F1-98D0-4A08-A667-C35C5ADE0C0D}
	EndGlobalSection
EndGlobal
